// !$*UTF8*$!
{
	archiveVersion = 1;
	classes = {
	};
	objectVersion = 56;
	objects = {

/* Begin PBXBuildFile section */
		6E8918EE2BEFC576009D74E4 /* GoogleGeminiSampleAppApp.swift in Sources */ = {isa = PBXBuildFile; fileRef = 6E8918ED2BEFC576009D74E4 /* GoogleGeminiSampleAppApp.swift */; };
		6E8918F22BEFC578009D74E4 /* Assets.xcassets in Resources */ = {isa = PBXBuildFile; fileRef = 6E8918F12BEFC578009D74E4 /* Assets.xcassets */; };
		6E8918FF2BEFC578009D74E4 /* GoogleGeminiSampleAppTests.swift in Sources */ = {isa = PBXBuildFile; fileRef = 6E8918FE2BEFC578009D74E4 /* GoogleGeminiSampleAppTests.swift */; };
		6E8919092BEFC578009D74E4 /* GoogleGeminiSampleAppUITests.swift in Sources */ = {isa = PBXBuildFile; fileRef = 6E8919082BEFC578009D74E4 /* GoogleGeminiSampleAppUITests.swift */; };
		6E89190B2BEFC578009D74E4 /* GoogleGeminiSampleAppUITestsLaunchTests.swift in Sources */ = {isa = PBXBuildFile; fileRef = 6E89190A2BEFC578009D74E4 /* GoogleGeminiSampleAppUITestsLaunchTests.swift */; };
		6E8919192BEFC708009D74E4 /* GoogleGenerativeAI in Frameworks */ = {isa = PBXBuildFile; productRef = 6E8919182BEFC708009D74E4 /* GoogleGenerativeAI */; };
		6E89191E2BEFC7DA009D74E4 /* HomeView.swift in Sources */ = {isa = PBXBuildFile; fileRef = 6E89191D2BEFC7DA009D74E4 /* HomeView.swift */; };
		6E8919202BF1CBD6009D74E4 /* BookViewModel.swift in Sources */ = {isa = PBXBuildFile; fileRef = 6E89191F2BF1CBD6009D74E4 /* BookViewModel.swift */; };
		6E8919222BF1CBE2009D74E4 /* BookView.swift in Sources */ = {isa = PBXBuildFile; fileRef = 6E8919212BF1CBE2009D74E4 /* BookView.swift */; };
		6E8919242BF1CBF7009D74E4 /* Book.swift in Sources */ = {isa = PBXBuildFile; fileRef = 6E8919232BF1CBF7009D74E4 /* Book.swift */; };
		6E8919272BF1CCF7009D74E4 /* Constants.swift in Sources */ = {isa = PBXBuildFile; fileRef = 6E8919262BF1CCF7009D74E4 /* Constants.swift */; };
		6E89192B2BF1DEB6009D74E4 /* Alamofire in Frameworks */ = {isa = PBXBuildFile; productRef = 6E89192A2BF1DEB6009D74E4 /* Alamofire */; };
		6E89192D2BF1E03A009D74E4 /* EmptyView.swift in Sources */ = {isa = PBXBuildFile; fileRef = 6E89192C2BF1E03A009D74E4 /* EmptyView.swift */; };
		6E8919302BF1E109009D74E4 /* SDWebImageSwiftUI in Frameworks */ = {isa = PBXBuildFile; productRef = 6E89192F2BF1E109009D74E4 /* SDWebImageSwiftUI */; };
		6E8919322BF1E130009D74E4 /* BookContentView.swift in Sources */ = {isa = PBXBuildFile; fileRef = 6E8919312BF1E130009D74E4 /* BookContentView.swift */; };
		6E8919342BF1EE91009D74E4 /* CaptureBook.swift in Sources */ = {isa = PBXBuildFile; fileRef = 6E8919332BF1EE91009D74E4 /* CaptureBook.swift */; };
		6E8919372BF205F9009D74E4 /* CaptureBookViewModel.swift in Sources */ = {isa = PBXBuildFile; fileRef = 6E8919362BF205F9009D74E4 /* CaptureBookViewModel.swift */; };
		6E8919392BF2079F009D74E4 /* CaptureImageView.swift in Sources */ = {isa = PBXBuildFile; fileRef = 6E8919382BF2079F009D74E4 /* CaptureImageView.swift */; };
/* End PBXBuildFile section */

/* Begin PBXContainerItemProxy section */
		6E8918FB2BEFC578009D74E4 /* PBXContainerItemProxy */ = {
			isa = PBXContainerItemProxy;
			containerPortal = 6E8918E22BEFC576009D74E4 /* Project object */;
			proxyType = 1;
			remoteGlobalIDString = 6E8918E92BEFC576009D74E4;
			remoteInfo = GoogleGeminiSampleApp;
		};
		6E8919052BEFC578009D74E4 /* PBXContainerItemProxy */ = {
			isa = PBXContainerItemProxy;
			containerPortal = 6E8918E22BEFC576009D74E4 /* Project object */;
			proxyType = 1;
			remoteGlobalIDString = 6E8918E92BEFC576009D74E4;
			remoteInfo = GoogleGeminiSampleApp;
		};
/* End PBXContainerItemProxy section */

/* Begin PBXFileReference section */
		6E8918EA2BEFC576009D74E4 /* GoogleGeminiSampleApp.app */ = {isa = PBXFileReference; explicitFileType = wrapper.application; includeInIndex = 0; path = GoogleGeminiSampleApp.app; sourceTree = BUILT_PRODUCTS_DIR; };
		6E8918ED2BEFC576009D74E4 /* GoogleGeminiSampleAppApp.swift */ = {isa = PBXFileReference; lastKnownFileType = sourcecode.swift; path = GoogleGeminiSampleAppApp.swift; sourceTree = "<group>"; };
		6E8918F12BEFC578009D74E4 /* Assets.xcassets */ = {isa = PBXFileReference; lastKnownFileType = folder.assetcatalog; path = Assets.xcassets; sourceTree = "<group>"; };
		6E8918FA2BEFC578009D74E4 /* GoogleGeminiSampleAppTests.xctest */ = {isa = PBXFileReference; explicitFileType = wrapper.cfbundle; includeInIndex = 0; path = GoogleGeminiSampleAppTests.xctest; sourceTree = BUILT_PRODUCTS_DIR; };
		6E8918FE2BEFC578009D74E4 /* GoogleGeminiSampleAppTests.swift */ = {isa = PBXFileReference; lastKnownFileType = sourcecode.swift; path = GoogleGeminiSampleAppTests.swift; sourceTree = "<group>"; };
		6E8919042BEFC578009D74E4 /* GoogleGeminiSampleAppUITests.xctest */ = {isa = PBXFileReference; explicitFileType = wrapper.cfbundle; includeInIndex = 0; path = GoogleGeminiSampleAppUITests.xctest; sourceTree = BUILT_PRODUCTS_DIR; };
		6E8919082BEFC578009D74E4 /* GoogleGeminiSampleAppUITests.swift */ = {isa = PBXFileReference; lastKnownFileType = sourcecode.swift; path = GoogleGeminiSampleAppUITests.swift; sourceTree = "<group>"; };
		6E89190A2BEFC578009D74E4 /* GoogleGeminiSampleAppUITestsLaunchTests.swift */ = {isa = PBXFileReference; lastKnownFileType = sourcecode.swift; path = GoogleGeminiSampleAppUITestsLaunchTests.swift; sourceTree = "<group>"; };
		6E89191D2BEFC7DA009D74E4 /* HomeView.swift */ = {isa = PBXFileReference; lastKnownFileType = sourcecode.swift; path = HomeView.swift; sourceTree = "<group>"; };
		6E89191F2BF1CBD6009D74E4 /* BookViewModel.swift */ = {isa = PBXFileReference; lastKnownFileType = sourcecode.swift; path = BookViewModel.swift; sourceTree = "<group>"; };
		6E8919212BF1CBE2009D74E4 /* BookView.swift */ = {isa = PBXFileReference; lastKnownFileType = sourcecode.swift; path = BookView.swift; sourceTree = "<group>"; };
		6E8919232BF1CBF7009D74E4 /* Book.swift */ = {isa = PBXFileReference; lastKnownFileType = sourcecode.swift; path = Book.swift; sourceTree = "<group>"; };
		6E8919262BF1CCF7009D74E4 /* Constants.swift */ = {isa = PBXFileReference; lastKnownFileType = sourcecode.swift; path = Constants.swift; sourceTree = "<group>"; };
		6E89192C2BF1E03A009D74E4 /* EmptyView.swift */ = {isa = PBXFileReference; fileEncoding = 4; lastKnownFileType = sourcecode.swift; path = EmptyView.swift; sourceTree = "<group>"; };
		6E8919312BF1E130009D74E4 /* BookContentView.swift */ = {isa = PBXFileReference; fileEncoding = 4; lastKnownFileType = sourcecode.swift; path = BookContentView.swift; sourceTree = "<group>"; };
		6E8919332BF1EE91009D74E4 /* CaptureBook.swift */ = {isa = PBXFileReference; lastKnownFileType = sourcecode.swift; path = CaptureBook.swift; sourceTree = "<group>"; };
		6E8919352BF1FF87009D74E4 /* Info.plist */ = {isa = PBXFileReference; lastKnownFileType = text.plist; path = Info.plist; sourceTree = "<group>"; };
		6E8919362BF205F9009D74E4 /* CaptureBookViewModel.swift */ = {isa = PBXFileReference; lastKnownFileType = sourcecode.swift; path = CaptureBookViewModel.swift; sourceTree = "<group>"; };
		6E8919382BF2079F009D74E4 /* CaptureImageView.swift */ = {isa = PBXFileReference; lastKnownFileType = sourcecode.swift; path = CaptureImageView.swift; sourceTree = "<group>"; };
/* End PBXFileReference section */

/* Begin PBXFrameworksBuildPhase section */
		6E8918E72BEFC576009D74E4 /* Frameworks */ = {
			isa = PBXFrameworksBuildPhase;
			buildActionMask = 2147483647;
			files = (
				6E8919302BF1E109009D74E4 /* SDWebImageSwiftUI in Frameworks */,
				6E8919192BEFC708009D74E4 /* GoogleGenerativeAI in Frameworks */,
				6E89192B2BF1DEB6009D74E4 /* Alamofire in Frameworks */,
			);
			runOnlyForDeploymentPostprocessing = 0;
		};
		6E8918F72BEFC578009D74E4 /* Frameworks */ = {
			isa = PBXFrameworksBuildPhase;
			buildActionMask = 2147483647;
			files = (
			);
			runOnlyForDeploymentPostprocessing = 0;
		};
		6E8919012BEFC578009D74E4 /* Frameworks */ = {
			isa = PBXFrameworksBuildPhase;
			buildActionMask = 2147483647;
			files = (
			);
			runOnlyForDeploymentPostprocessing = 0;
		};
/* End PBXFrameworksBuildPhase section */

/* Begin PBXGroup section */
		6E8918E12BEFC576009D74E4 = {
			isa = PBXGroup;
			children = (
				6E8918EC2BEFC576009D74E4 /* GoogleGeminiSampleApp */,
				6E8918FD2BEFC578009D74E4 /* GoogleGeminiSampleAppTests */,
				6E8919072BEFC578009D74E4 /* GoogleGeminiSampleAppUITests */,
				6E8918EB2BEFC576009D74E4 /* Products */,
				6E8919292BF1DEB6009D74E4 /* Frameworks */,
			);
			sourceTree = "<group>";
		};
		6E8918EB2BEFC576009D74E4 /* Products */ = {
			isa = PBXGroup;
			children = (
				6E8918EA2BEFC576009D74E4 /* GoogleGeminiSampleApp.app */,
				6E8918FA2BEFC578009D74E4 /* GoogleGeminiSampleAppTests.xctest */,
				6E8919042BEFC578009D74E4 /* GoogleGeminiSampleAppUITests.xctest */,
			);
			name = Products;
			sourceTree = "<group>";
		};
		6E8918EC2BEFC576009D74E4 /* GoogleGeminiSampleApp */ = {
			isa = PBXGroup;
			children = (
				6E8919352BF1FF87009D74E4 /* Info.plist */,
				6E8919252BF1CCEC009D74E4 /* Constants */,
				6E89191C2BEFC7BD009D74E4 /* Views */,
				6E89191B2BEFC7B8009D74E4 /* ViewModels */,
				6E89191A2BEFC7AD009D74E4 /* Models */,
				6E8918ED2BEFC576009D74E4 /* GoogleGeminiSampleAppApp.swift */,
				6E8918F12BEFC578009D74E4 /* Assets.xcassets */,
			);
			path = GoogleGeminiSampleApp;
			sourceTree = "<group>";
		};
		6E8918FD2BEFC578009D74E4 /* GoogleGeminiSampleAppTests */ = {
			isa = PBXGroup;
			children = (
				6E8918FE2BEFC578009D74E4 /* GoogleGeminiSampleAppTests.swift */,
			);
			path = GoogleGeminiSampleAppTests;
			sourceTree = "<group>";
		};
		6E8919072BEFC578009D74E4 /* GoogleGeminiSampleAppUITests */ = {
			isa = PBXGroup;
			children = (
				6E8919082BEFC578009D74E4 /* GoogleGeminiSampleAppUITests.swift */,
				6E89190A2BEFC578009D74E4 /* GoogleGeminiSampleAppUITestsLaunchTests.swift */,
			);
			path = GoogleGeminiSampleAppUITests;
			sourceTree = "<group>";
		};
		6E89191A2BEFC7AD009D74E4 /* Models */ = {
			isa = PBXGroup;
			children = (
				6E8919232BF1CBF7009D74E4 /* Book.swift */,
			);
			path = Models;
			sourceTree = "<group>";
		};
		6E89191B2BEFC7B8009D74E4 /* ViewModels */ = {
			isa = PBXGroup;
			children = (
				6E89191F2BF1CBD6009D74E4 /* BookViewModel.swift */,
				6E8919362BF205F9009D74E4 /* CaptureBookViewModel.swift */,
			);
			path = ViewModels;
			sourceTree = "<group>";
		};
		6E89191C2BEFC7BD009D74E4 /* Views */ = {
			isa = PBXGroup;
			children = (
				6E8919312BF1E130009D74E4 /* BookContentView.swift */,
				6E89192C2BF1E03A009D74E4 /* EmptyView.swift */,
				6E89191D2BEFC7DA009D74E4 /* HomeView.swift */,
				6E8919212BF1CBE2009D74E4 /* BookView.swift */,
				6E8919332BF1EE91009D74E4 /* CaptureBook.swift */,
				6E8919382BF2079F009D74E4 /* CaptureImageView.swift */,
			);
			path = Views;
			sourceTree = "<group>";
		};
		6E8919252BF1CCEC009D74E4 /* Constants */ = {
			isa = PBXGroup;
			children = (
				6E8919262BF1CCF7009D74E4 /* Constants.swift */,
			);
			path = Constants;
			sourceTree = "<group>";
		};
		6E8919292BF1DEB6009D74E4 /* Frameworks */ = {
			isa = PBXGroup;
			children = (
			);
			name = Frameworks;
			sourceTree = "<group>";
		};
/* End PBXGroup section */

/* Begin PBXNativeTarget section */
		6E8918E92BEFC576009D74E4 /* GoogleGeminiSampleApp */ = {
			isa = PBXNativeTarget;
			buildConfigurationList = 6E89190E2BEFC578009D74E4 /* Build configuration list for PBXNativeTarget "GoogleGeminiSampleApp" */;
			buildPhases = (
				6E8918E62BEFC576009D74E4 /* Sources */,
				6E8918E72BEFC576009D74E4 /* Frameworks */,
				6E8918E82BEFC576009D74E4 /* Resources */,
			);
			buildRules = (
			);
			dependencies = (
			);
			name = GoogleGeminiSampleApp;
			packageProductDependencies = (
				6E8919182BEFC708009D74E4 /* GoogleGenerativeAI */,
				6E89192A2BF1DEB6009D74E4 /* Alamofire */,
				6E89192F2BF1E109009D74E4 /* SDWebImageSwiftUI */,
			);
			productName = GoogleGeminiSampleApp;
			productReference = 6E8918EA2BEFC576009D74E4 /* GoogleGeminiSampleApp.app */;
			productType = "com.apple.product-type.application";
		};
		6E8918F92BEFC578009D74E4 /* GoogleGeminiSampleAppTests */ = {
			isa = PBXNativeTarget;
			buildConfigurationList = 6E8919112BEFC578009D74E4 /* Build configuration list for PBXNativeTarget "GoogleGeminiSampleAppTests" */;
			buildPhases = (
				6E8918F62BEFC578009D74E4 /* Sources */,
				6E8918F72BEFC578009D74E4 /* Frameworks */,
				6E8918F82BEFC578009D74E4 /* Resources */,
			);
			buildRules = (
			);
			dependencies = (
				6E8918FC2BEFC578009D74E4 /* PBXTargetDependency */,
			);
			name = GoogleGeminiSampleAppTests;
			productName = GoogleGeminiSampleAppTests;
			productReference = 6E8918FA2BEFC578009D74E4 /* GoogleGeminiSampleAppTests.xctest */;
			productType = "com.apple.product-type.bundle.unit-test";
		};
		6E8919032BEFC578009D74E4 /* GoogleGeminiSampleAppUITests */ = {
			isa = PBXNativeTarget;
			buildConfigurationList = 6E8919142BEFC578009D74E4 /* Build configuration list for PBXNativeTarget "GoogleGeminiSampleAppUITests" */;
			buildPhases = (
				6E8919002BEFC578009D74E4 /* Sources */,
				6E8919012BEFC578009D74E4 /* Frameworks */,
				6E8919022BEFC578009D74E4 /* Resources */,
			);
			buildRules = (
			);
			dependencies = (
				6E8919062BEFC578009D74E4 /* PBXTargetDependency */,
			);
			name = GoogleGeminiSampleAppUITests;
			productName = GoogleGeminiSampleAppUITests;
			productReference = 6E8919042BEFC578009D74E4 /* GoogleGeminiSampleAppUITests.xctest */;
			productType = "com.apple.product-type.bundle.ui-testing";
		};
/* End PBXNativeTarget section */

/* Begin PBXProject section */
		6E8918E22BEFC576009D74E4 /* Project object */ = {
			isa = PBXProject;
			attributes = {
				BuildIndependentTargetsInParallel = 1;
				LastSwiftUpdateCheck = 1510;
				LastUpgradeCheck = 1510;
				TargetAttributes = {
					6E8918E92BEFC576009D74E4 = {
						CreatedOnToolsVersion = 15.1;
					};
					6E8918F92BEFC578009D74E4 = {
						CreatedOnToolsVersion = 15.1;
						TestTargetID = 6E8918E92BEFC576009D74E4;
					};
					6E8919032BEFC578009D74E4 = {
						CreatedOnToolsVersion = 15.1;
						TestTargetID = 6E8918E92BEFC576009D74E4;
					};
				};
			};
			buildConfigurationList = 6E8918E52BEFC576009D74E4 /* Build configuration list for PBXProject "GoogleGeminiSampleApp" */;
			compatibilityVersion = "Xcode 14.0";
			developmentRegion = en;
			hasScannedForEncodings = 0;
			knownRegions = (
				en,
				Base,
			);
			mainGroup = 6E8918E12BEFC576009D74E4;
			packageReferences = (
				6E8919172BEFC707009D74E4 /* XCRemoteSwiftPackageReference "generative-ai-swift" */,
				6E8919282BF1DDEE009D74E4 /* XCRemoteSwiftPackageReference "Alamofire" */,
				6E89192E2BF1E109009D74E4 /* XCRemoteSwiftPackageReference "SDWebImageSwiftUI" */,
			);
			productRefGroup = 6E8918EB2BEFC576009D74E4 /* Products */;
			projectDirPath = "";
			projectRoot = "";
			targets = (
				6E8918E92BEFC576009D74E4 /* GoogleGeminiSampleApp */,
				6E8918F92BEFC578009D74E4 /* GoogleGeminiSampleAppTests */,
				6E8919032BEFC578009D74E4 /* GoogleGeminiSampleAppUITests */,
			);
		};
/* End PBXProject section */

/* Begin PBXResourcesBuildPhase section */
		6E8918E82BEFC576009D74E4 /* Resources */ = {
			isa = PBXResourcesBuildPhase;
			buildActionMask = 2147483647;
			files = (
				6E8918F22BEFC578009D74E4 /* Assets.xcassets in Resources */,
			);
			runOnlyForDeploymentPostprocessing = 0;
		};
		6E8918F82BEFC578009D74E4 /* Resources */ = {
			isa = PBXResourcesBuildPhase;
			buildActionMask = 2147483647;
			files = (
			);
			runOnlyForDeploymentPostprocessing = 0;
		};
		6E8919022BEFC578009D74E4 /* Resources */ = {
			isa = PBXResourcesBuildPhase;
			buildActionMask = 2147483647;
			files = (
			);
			runOnlyForDeploymentPostprocessing = 0;
		};
/* End PBXResourcesBuildPhase section */

/* Begin PBXSourcesBuildPhase section */
		6E8918E62BEFC576009D74E4 /* Sources */ = {
			isa = PBXSourcesBuildPhase;
			buildActionMask = 2147483647;
			files = (
				6E89192D2BF1E03A009D74E4 /* EmptyView.swift in Sources */,
				6E8919392BF2079F009D74E4 /* CaptureImageView.swift in Sources */,
				6E8919322BF1E130009D74E4 /* BookContentView.swift in Sources */,
				6E8919372BF205F9009D74E4 /* CaptureBookViewModel.swift in Sources */,
				6E8919242BF1CBF7009D74E4 /* Book.swift in Sources */,
				6E8919342BF1EE91009D74E4 /* CaptureBook.swift in Sources */,
				6E8918EE2BEFC576009D74E4 /* GoogleGeminiSampleAppApp.swift in Sources */,
				6E89191E2BEFC7DA009D74E4 /* HomeView.swift in Sources */,
				6E8919202BF1CBD6009D74E4 /* BookViewModel.swift in Sources */,
				6E8919222BF1CBE2009D74E4 /* BookView.swift in Sources */,
				6E8919272BF1CCF7009D74E4 /* Constants.swift in Sources */,
			);
			runOnlyForDeploymentPostprocessing = 0;
		};
		6E8918F62BEFC578009D74E4 /* Sources */ = {
			isa = PBXSourcesBuildPhase;
			buildActionMask = 2147483647;
			files = (
				6E8918FF2BEFC578009D74E4 /* GoogleGeminiSampleAppTests.swift in Sources */,
			);
			runOnlyForDeploymentPostprocessing = 0;
		};
		6E8919002BEFC578009D74E4 /* Sources */ = {
			isa = PBXSourcesBuildPhase;
			buildActionMask = 2147483647;
			files = (
				6E89190B2BEFC578009D74E4 /* GoogleGeminiSampleAppUITestsLaunchTests.swift in Sources */,
				6E8919092BEFC578009D74E4 /* GoogleGeminiSampleAppUITests.swift in Sources */,
			);
			runOnlyForDeploymentPostprocessing = 0;
		};
/* End PBXSourcesBuildPhase section */

/* Begin PBXTargetDependency section */
		6E8918FC2BEFC578009D74E4 /* PBXTargetDependency */ = {
			isa = PBXTargetDependency;
			target = 6E8918E92BEFC576009D74E4 /* GoogleGeminiSampleApp */;
			targetProxy = 6E8918FB2BEFC578009D74E4 /* PBXContainerItemProxy */;
		};
		6E8919062BEFC578009D74E4 /* PBXTargetDependency */ = {
			isa = PBXTargetDependency;
			target = 6E8918E92BEFC576009D74E4 /* GoogleGeminiSampleApp */;
			targetProxy = 6E8919052BEFC578009D74E4 /* PBXContainerItemProxy */;
		};
/* End PBXTargetDependency section */

/* Begin XCBuildConfiguration section */
		6E89190C2BEFC578009D74E4 /* Debug */ = {
			isa = XCBuildConfiguration;
			buildSettings = {
				ALWAYS_SEARCH_USER_PATHS = NO;
				ASSETCATALOG_COMPILER_GENERATE_SWIFT_ASSET_SYMBOL_EXTENSIONS = YES;
				CLANG_ANALYZER_NONNULL = YES;
				CLANG_ANALYZER_NUMBER_OBJECT_CONVERSION = YES_AGGRESSIVE;
				CLANG_CXX_LANGUAGE_STANDARD = "gnu++20";
				CLANG_ENABLE_MODULES = YES;
				CLANG_ENABLE_OBJC_ARC = YES;
				CLANG_ENABLE_OBJC_WEAK = YES;
				CLANG_WARN_BLOCK_CAPTURE_AUTORELEASING = YES;
				CLANG_WARN_BOOL_CONVERSION = YES;
				CLANG_WARN_COMMA = YES;
				CLANG_WARN_CONSTANT_CONVERSION = YES;
				CLANG_WARN_DEPRECATED_OBJC_IMPLEMENTATIONS = YES;
				CLANG_WARN_DIRECT_OBJC_ISA_USAGE = YES_ERROR;
				CLANG_WARN_DOCUMENTATION_COMMENTS = YES;
				CLANG_WARN_EMPTY_BODY = YES;
				CLANG_WARN_ENUM_CONVERSION = YES;
				CLANG_WARN_INFINITE_RECURSION = YES;
				CLANG_WARN_INT_CONVERSION = YES;
				CLANG_WARN_NON_LITERAL_NULL_CONVERSION = YES;
				CLANG_WARN_OBJC_IMPLICIT_RETAIN_SELF = YES;
				CLANG_WARN_OBJC_LITERAL_CONVERSION = YES;
				CLANG_WARN_OBJC_ROOT_CLASS = YES_ERROR;
				CLANG_WARN_QUOTED_INCLUDE_IN_FRAMEWORK_HEADER = YES;
				CLANG_WARN_RANGE_LOOP_ANALYSIS = YES;
				CLANG_WARN_STRICT_PROTOTYPES = YES;
				CLANG_WARN_SUSPICIOUS_MOVE = YES;
				CLANG_WARN_UNGUARDED_AVAILABILITY = YES_AGGRESSIVE;
				CLANG_WARN_UNREACHABLE_CODE = YES;
				CLANG_WARN__DUPLICATE_METHOD_MATCH = YES;
				COPY_PHASE_STRIP = NO;
				DEBUG_INFORMATION_FORMAT = dwarf;
				ENABLE_STRICT_OBJC_MSGSEND = YES;
				ENABLE_TESTABILITY = YES;
				ENABLE_USER_SCRIPT_SANDBOXING = YES;
				GCC_C_LANGUAGE_STANDARD = gnu17;
				GCC_DYNAMIC_NO_PIC = NO;
				GCC_NO_COMMON_BLOCKS = YES;
				GCC_OPTIMIZATION_LEVEL = 0;
				GCC_PREPROCESSOR_DEFINITIONS = (
					"DEBUG=1",
					"$(inherited)",
				);
				GCC_WARN_64_TO_32_BIT_CONVERSION = YES;
				GCC_WARN_ABOUT_RETURN_TYPE = YES_ERROR;
				GCC_WARN_UNDECLARED_SELECTOR = YES;
				GCC_WARN_UNINITIALIZED_AUTOS = YES_AGGRESSIVE;
				GCC_WARN_UNUSED_FUNCTION = YES;
				GCC_WARN_UNUSED_VARIABLE = YES;
				IPHONEOS_DEPLOYMENT_TARGET = 17.2;
				LOCALIZATION_PREFERS_STRING_CATALOGS = YES;
				MTL_ENABLE_DEBUG_INFO = INCLUDE_SOURCE;
				MTL_FAST_MATH = YES;
				ONLY_ACTIVE_ARCH = YES;
				SDKROOT = iphoneos;
				SWIFT_ACTIVE_COMPILATION_CONDITIONS = "DEBUG $(inherited)";
				SWIFT_OPTIMIZATION_LEVEL = "-Onone";
			};
			name = Debug;
		};
		6E89190D2BEFC578009D74E4 /* Release */ = {
			isa = XCBuildConfiguration;
			buildSettings = {
				ALWAYS_SEARCH_USER_PATHS = NO;
				ASSETCATALOG_COMPILER_GENERATE_SWIFT_ASSET_SYMBOL_EXTENSIONS = YES;
				CLANG_ANALYZER_NONNULL = YES;
				CLANG_ANALYZER_NUMBER_OBJECT_CONVERSION = YES_AGGRESSIVE;
				CLANG_CXX_LANGUAGE_STANDARD = "gnu++20";
				CLANG_ENABLE_MODULES = YES;
				CLANG_ENABLE_OBJC_ARC = YES;
				CLANG_ENABLE_OBJC_WEAK = YES;
				CLANG_WARN_BLOCK_CAPTURE_AUTORELEASING = YES;
				CLANG_WARN_BOOL_CONVERSION = YES;
				CLANG_WARN_COMMA = YES;
				CLANG_WARN_CONSTANT_CONVERSION = YES;
				CLANG_WARN_DEPRECATED_OBJC_IMPLEMENTATIONS = YES;
				CLANG_WARN_DIRECT_OBJC_ISA_USAGE = YES_ERROR;
				CLANG_WARN_DOCUMENTATION_COMMENTS = YES;
				CLANG_WARN_EMPTY_BODY = YES;
				CLANG_WARN_ENUM_CONVERSION = YES;
				CLANG_WARN_INFINITE_RECURSION = YES;
				CLANG_WARN_INT_CONVERSION = YES;
				CLANG_WARN_NON_LITERAL_NULL_CONVERSION = YES;
				CLANG_WARN_OBJC_IMPLICIT_RETAIN_SELF = YES;
				CLANG_WARN_OBJC_LITERAL_CONVERSION = YES;
				CLANG_WARN_OBJC_ROOT_CLASS = YES_ERROR;
				CLANG_WARN_QUOTED_INCLUDE_IN_FRAMEWORK_HEADER = YES;
				CLANG_WARN_RANGE_LOOP_ANALYSIS = YES;
				CLANG_WARN_STRICT_PROTOTYPES = YES;
				CLANG_WARN_SUSPICIOUS_MOVE = YES;
				CLANG_WARN_UNGUARDED_AVAILABILITY = YES_AGGRESSIVE;
				CLANG_WARN_UNREACHABLE_CODE = YES;
				CLANG_WARN__DUPLICATE_METHOD_MATCH = YES;
				COPY_PHASE_STRIP = NO;
				DEBUG_INFORMATION_FORMAT = "dwarf-with-dsym";
				ENABLE_NS_ASSERTIONS = NO;
				ENABLE_STRICT_OBJC_MSGSEND = YES;
				ENABLE_USER_SCRIPT_SANDBOXING = YES;
				GCC_C_LANGUAGE_STANDARD = gnu17;
				GCC_NO_COMMON_BLOCKS = YES;
				GCC_WARN_64_TO_32_BIT_CONVERSION = YES;
				GCC_WARN_ABOUT_RETURN_TYPE = YES_ERROR;
				GCC_WARN_UNDECLARED_SELECTOR = YES;
				GCC_WARN_UNINITIALIZED_AUTOS = YES_AGGRESSIVE;
				GCC_WARN_UNUSED_FUNCTION = YES;
				GCC_WARN_UNUSED_VARIABLE = YES;
				IPHONEOS_DEPLOYMENT_TARGET = 17.2;
				LOCALIZATION_PREFERS_STRING_CATALOGS = YES;
				MTL_ENABLE_DEBUG_INFO = NO;
				MTL_FAST_MATH = YES;
				SDKROOT = iphoneos;
				SWIFT_COMPILATION_MODE = wholemodule;
				VALIDATE_PRODUCT = YES;
			};
			name = Release;
		};
		6E89190F2BEFC578009D74E4 /* Debug */ = {
			isa = XCBuildConfiguration;
			buildSettings = {
				ASSETCATALOG_COMPILER_APPICON_NAME = AppIcon;
				ASSETCATALOG_COMPILER_GLOBAL_ACCENT_COLOR_NAME = AccentColor;
				CODE_SIGN_STYLE = Automatic;
				CURRENT_PROJECT_VERSION = 1;
				DEVELOPMENT_TEAM = X5F6N9ECLU;
				ENABLE_PREVIEWS = YES;
				GENERATE_INFOPLIST_FILE = YES;
				INFOPLIST_FILE = GoogleGeminiSampleApp/Info.plist;
				INFOPLIST_KEY_UIApplicationSceneManifest_Generation = YES;
				INFOPLIST_KEY_UIApplicationSupportsIndirectInputEvents = YES;
				INFOPLIST_KEY_UILaunchScreen_Generation = YES;
				INFOPLIST_KEY_UISupportedInterfaceOrientations_iPad = "UIInterfaceOrientationPortrait UIInterfaceOrientationPortraitUpsideDown UIInterfaceOrientationLandscapeLeft UIInterfaceOrientationLandscapeRight";
				INFOPLIST_KEY_UISupportedInterfaceOrientations_iPhone = "UIInterfaceOrientationPortrait UIInterfaceOrientationLandscapeLeft UIInterfaceOrientationLandscapeRight";
				LD_RUNPATH_SEARCH_PATHS = (
					"$(inherited)",
					"@executable_path/Frameworks",
				);
				MARKETING_VERSION = 1.0;
				PRODUCT_BUNDLE_IDENTIFIER = np.com.aashutoshrestha.GoogleGeminiSampleApp;
				PRODUCT_NAME = "$(TARGET_NAME)";
				SWIFT_EMIT_LOC_STRINGS = YES;
				SWIFT_VERSION = 5.0;
				TARGETED_DEVICE_FAMILY = "1,2";
			};
			name = Debug;
		};
		6E8919102BEFC578009D74E4 /* Release */ = {
			isa = XCBuildConfiguration;
			buildSettings = {
				ASSETCATALOG_COMPILER_APPICON_NAME = AppIcon;
				ASSETCATALOG_COMPILER_GLOBAL_ACCENT_COLOR_NAME = AccentColor;
				CODE_SIGN_STYLE = Automatic;
				CURRENT_PROJECT_VERSION = 1;
				DEVELOPMENT_TEAM = X5F6N9ECLU;
				ENABLE_PREVIEWS = YES;
				GENERATE_INFOPLIST_FILE = YES;
				INFOPLIST_FILE = GoogleGeminiSampleApp/Info.plist;
				INFOPLIST_KEY_UIApplicationSceneManifest_Generation = YES;
				INFOPLIST_KEY_UIApplicationSupportsIndirectInputEvents = YES;
				INFOPLIST_KEY_UILaunchScreen_Generation = YES;
				INFOPLIST_KEY_UISupportedInterfaceOrientations_iPad = "UIInterfaceOrientationPortrait UIInterfaceOrientationPortraitUpsideDown UIInterfaceOrientationLandscapeLeft UIInterfaceOrientationLandscapeRight";
				INFOPLIST_KEY_UISupportedInterfaceOrientations_iPhone = "UIInterfaceOrientationPortrait UIInterfaceOrientationLandscapeLeft UIInterfaceOrientationLandscapeRight";
				LD_RUNPATH_SEARCH_PATHS = (
					"$(inherited)",
					"@executable_path/Frameworks",
				);
				MARKETING_VERSION = 1.0;
				PRODUCT_BUNDLE_IDENTIFIER = np.com.aashutoshrestha.GoogleGeminiSampleApp;
				PRODUCT_NAME = "$(TARGET_NAME)";
				SWIFT_EMIT_LOC_STRINGS = YES;
				SWIFT_VERSION = 5.0;
				TARGETED_DEVICE_FAMILY = "1,2";
			};
			name = Release;
		};
		6E8919122BEFC578009D74E4 /* Debug */ = {
			isa = XCBuildConfiguration;
			buildSettings = {
				ALWAYS_EMBED_SWIFT_STANDARD_LIBRARIES = YES;
				BUNDLE_LOADER = "$(TEST_HOST)";
				CODE_SIGN_STYLE = Automatic;
				CURRENT_PROJECT_VERSION = 1;
				DEVELOPMENT_TEAM = KFZAD2LF3N;
				GENERATE_INFOPLIST_FILE = YES;
				IPHONEOS_DEPLOYMENT_TARGET = 17.2;
				MARKETING_VERSION = 1.0;
				PRODUCT_BUNDLE_IDENTIFIER = np.com.aashutoshrestha.GoogleGeminiSampleAppTests;
				PRODUCT_NAME = "$(TARGET_NAME)";
				SWIFT_EMIT_LOC_STRINGS = NO;
				SWIFT_VERSION = 5.0;
				TARGETED_DEVICE_FAMILY = "1,2";
				TEST_HOST = "$(BUILT_PRODUCTS_DIR)/GoogleGeminiSampleApp.app/$(BUNDLE_EXECUTABLE_FOLDER_PATH)/GoogleGeminiSampleApp";
			};
			name = Debug;
		};
		6E8919132BEFC578009D74E4 /* Release */ = {
			isa = XCBuildConfiguration;
			buildSettings = {
				ALWAYS_EMBED_SWIFT_STANDARD_LIBRARIES = YES;
				BUNDLE_LOADER = "$(TEST_HOST)";
				CODE_SIGN_STYLE = Automatic;
				CURRENT_PROJECT_VERSION = 1;
				DEVELOPMENT_TEAM = KFZAD2LF3N;
				GENERATE_INFOPLIST_FILE = YES;
				IPHONEOS_DEPLOYMENT_TARGET = 17.2;
				MARKETING_VERSION = 1.0;
				PRODUCT_BUNDLE_IDENTIFIER = np.com.aashutoshrestha.GoogleGeminiSampleAppTests;
				PRODUCT_NAME = "$(TARGET_NAME)";
				SWIFT_EMIT_LOC_STRINGS = NO;
				SWIFT_VERSION = 5.0;
				TARGETED_DEVICE_FAMILY = "1,2";
				TEST_HOST = "$(BUILT_PRODUCTS_DIR)/GoogleGeminiSampleApp.app/$(BUNDLE_EXECUTABLE_FOLDER_PATH)/GoogleGeminiSampleApp";
			};
			name = Release;
		};
		6E8919152BEFC578009D74E4 /* Debug */ = {
			isa = XCBuildConfiguration;
			buildSettings = {
				ALWAYS_EMBED_SWIFT_STANDARD_LIBRARIES = YES;
				CODE_SIGN_STYLE = Automatic;
				CURRENT_PROJECT_VERSION = 1;
				DEVELOPMENT_TEAM = KFZAD2LF3N;
				GENERATE_INFOPLIST_FILE = YES;
				MARKETING_VERSION = 1.0;
				PRODUCT_BUNDLE_IDENTIFIER = np.com.aashutoshrestha.GoogleGeminiSampleAppUITests;
				PRODUCT_NAME = "$(TARGET_NAME)";
				SWIFT_EMIT_LOC_STRINGS = NO;
				SWIFT_VERSION = 5.0;
				TARGETED_DEVICE_FAMILY = "1,2";
				TEST_TARGET_NAME = GoogleGeminiSampleApp;
			};
			name = Debug;
		};
		6E8919162BEFC578009D74E4 /* Release */ = {
			isa = XCBuildConfiguration;
			buildSettings = {
				ALWAYS_EMBED_SWIFT_STANDARD_LIBRARIES = YES;
				CODE_SIGN_STYLE = Automatic;
				CURRENT_PROJECT_VERSION = 1;
				DEVELOPMENT_TEAM = KFZAD2LF3N;
				GENERATE_INFOPLIST_FILE = YES;
				MARKETING_VERSION = 1.0;
				PRODUCT_BUNDLE_IDENTIFIER = np.com.aashutoshrestha.GoogleGeminiSampleAppUITests;
				PRODUCT_NAME = "$(TARGET_NAME)";
				SWIFT_EMIT_LOC_STRINGS = NO;
				SWIFT_VERSION = 5.0;
				TARGETED_DEVICE_FAMILY = "1,2";
				TEST_TARGET_NAME = GoogleGeminiSampleApp;
			};
			name = Release;
		};
/* End XCBuildConfiguration section */

/* Begin XCConfigurationList section */
		6E8918E52BEFC576009D74E4 /* Build configuration list for PBXProject "GoogleGeminiSampleApp" */ = {
			isa = XCConfigurationList;
			buildConfigurations = (
				6E89190C2BEFC578009D74E4 /* Debug */,
				6E89190D2BEFC578009D74E4 /* Release */,
			);
			defaultConfigurationIsVisible = 0;
			defaultConfigurationName = Release;
		};
		6E89190E2BEFC578009D74E4 /* Build configuration list for PBXNativeTarget "GoogleGeminiSampleApp" */ = {
			isa = XCConfigurationList;
			buildConfigurations = (
				6E89190F2BEFC578009D74E4 /* Debug */,
				6E8919102BEFC578009D74E4 /* Release */,
			);
			defaultConfigurationIsVisible = 0;
			defaultConfigurationName = Release;
		};
		6E8919112BEFC578009D74E4 /* Build configuration list for PBXNativeTarget "GoogleGeminiSampleAppTests" */ = {
			isa = XCConfigurationList;
			buildConfigurations = (
				6E8919122BEFC578009D74E4 /* Debug */,
				6E8919132BEFC578009D74E4 /* Release */,
			);
			defaultConfigurationIsVisible = 0;
			defaultConfigurationName = Release;
		};
		6E8919142BEFC578009D74E4 /* Build configuration list for PBXNativeTarget "GoogleGeminiSampleAppUITests" */ = {
			isa = XCConfigurationList;
			buildConfigurations = (
				6E8919152BEFC578009D74E4 /* Debug */,
				6E8919162BEFC578009D74E4 /* Release */,
			);
			defaultConfigurationIsVisible = 0;
			defaultConfigurationName = Release;
		};
/* End XCConfigurationList section */

/* Begin XCRemoteSwiftPackageReference section */
		6E8919172BEFC707009D74E4 /* XCRemoteSwiftPackageReference "generative-ai-swift" */ = {
			isa = XCRemoteSwiftPackageReference;
			repositoryURL = "https://github.com/google-gemini/generative-ai-swift";
			requirement = {
				kind = upToNextMajorVersion;
				minimumVersion = 0.5.2;
			};
		};
		6E8919282BF1DDEE009D74E4 /* XCRemoteSwiftPackageReference "Alamofire" */ = {
			isa = XCRemoteSwiftPackageReference;
			repositoryURL = "https://github.com/Alamofire/Alamofire.git";
			requirement = {
				kind = upToNextMajorVersion;
				minimumVersion = 5.9.1;
			};
		};
		6E89192E2BF1E109009D74E4 /* XCRemoteSwiftPackageReference "SDWebImageSwiftUI" */ = {
			isa = XCRemoteSwiftPackageReference;
			repositoryURL = "https://github.com/SDWebImage/SDWebImageSwiftUI.git";
			requirement = {
				kind = upToNextMajorVersion;
				minimumVersion = 3.0.4;
			};
		};
/* End XCRemoteSwiftPackageReference section */

/* Begin XCSwiftPackageProductDependency section */
		6E8919182BEFC708009D74E4 /* GoogleGenerativeAI */ = {
			isa = XCSwiftPackageProductDependency;
			package = 6E8919172BEFC707009D74E4 /* XCRemoteSwiftPackageReference "generative-ai-swift" */;
			productName = GoogleGenerativeAI;
		};
		6E89192A2BF1DEB6009D74E4 /* Alamofire */ = {
			isa = XCSwiftPackageProductDependency;
			package = 6E8919282BF1DDEE009D74E4 /* XCRemoteSwiftPackageReference "Alamofire" */;
			productName = Alamofire;
		};
		6E89192F2BF1E109009D74E4 /* SDWebImageSwiftUI */ = {
			isa = XCSwiftPackageProductDependency;
			package = 6E89192E2BF1E109009D74E4 /* XCRemoteSwiftPackageReference "SDWebImageSwiftUI" */;
			productName = SDWebImageSwiftUI;
		};
/* End XCSwiftPackageProductDependency section */
	};
	rootObject = 6E8918E22BEFC576009D74E4 /* Project object */;
}
